
Microsoft Visual Studio Solution File, Format Version 12.00
Project("{FAE04EC0-301F-11D3-BF4B-00C04F79EFBC}") = "Spotlight.Element", "Spotlight.Element\Spotlight.Element.csproj", "{56A6F571-6035-4201-B0E4-D55235FB0AC8}"
EndProject
Project("{FAE04EC0-301F-11D3-BF4B-00C04F79EFBC}") = "Spotlight.Switch", "Spotlight.Switch\Spotlight.Switch.csproj", "{E667CF27-B2FD-424A-8803-E334A77C61B5}"
EndProject
Project("{FAE04EC0-301F-11D3-BF4B-00C04F79EFBC}") = "Spotlight.About", "Spotlight.About\Spotlight.About.csproj", "{FEE88772-79AE-41A2-A705-819442755C68}"
EndProject
Project("{FAE04EC0-301F-11D3-BF4B-00C04F79EFBC}") = "Spotlight.Cast", "Spotlight.Cast\Spotlight.Cast.csproj", "{F822902C-72B3-4A03-BD71-11A64BE39187}"
EndProject
Global
	GlobalSection(SolutionConfigurationPlatforms) = preSolution
		Debug|Any CPU = Debug|Any CPU
		Release|Any CPU = Release|Any CPU
	EndGlobalSection
	GlobalSection(ProjectConfigurationPlatforms) = postSolution
		{56A6F571-6035-4201-B0E4-D55235FB0AC8}.Debug|Any CPU.ActiveCfg = Debug|Any CPU
		{56A6F571-6035-4201-B0E4-D55235FB0AC8}.Debug|Any CPU.Build.0 = Debug|Any CPU
		{56A6F571-6035-4201-B0E4-D55235FB0AC8}.Release|Any CPU.ActiveCfg = Release|Any CPU
		{56A6F571-6035-4201-B0E4-D55235FB0AC8}.Release|Any CPU.Build.0 = Release|Any CPU
		{E667CF27-B2FD-424A-8803-E334A77C61B5}.Debug|Any CPU.ActiveCfg = Debug|Any CPU
		{E667CF27-B2FD-424A-8803-E334A77C61B5}.Debug|Any CPU.Build.0 = Debug|Any CPU
		{E667CF27-B2FD-424A-8803-E334A77C61B5}.Release|Any CPU.ActiveCfg = Release|Any CPU
		{E667CF27-B2FD-424A-8803-E334A77C61B5}.Release|Any CPU.Build.0 = Release|Any CPU
		{FEE88772-79AE-41A2-A705-819442755C68}.Debug|Any CPU.ActiveCfg = Debug|Any CPU
		{FEE88772-79AE-41A2-A705-819442755C68}.Debug|Any CPU.Build.0 = Debug|Any CPU
		{FEE88772-79AE-41A2-A705-819442755C68}.Release|Any CPU.ActiveCfg = Release|Any CPU
		{FEE88772-79AE-41A2-A705-819442755C68}.Release|Any CPU.Build.0 = Release|Any CPU
		{F822902C-72B3-4A03-BD71-11A64BE39187}.Debug|Any CPU.ActiveCfg = Debug|Any CPU
		{F822902C-72B3-4A03-BD71-11A64BE39187}.Debug|Any CPU.Build.0 = Debug|Any CPU
		{F822902C-72B3-4A03-BD71-11A64BE39187}.Release|Any CPU.ActiveCfg = Release|Any CPU
		{F822902C-72B3-4A03-BD71-11A64BE39187}.Release|Any CPU.Build.0 = Release|Any CPU
	EndGlobalSection
EndGlobal
